
Microsoft Visual Studio Solution File, Format Version 12.00
# Visual Studio Version 17
VisualStudioVersion = 17.7.34202.233
MinimumVisualStudioVersion = 10.0.40219.1
Project("{FAE04EC0-301F-11D3-BF4B-00C04F79EFBC}") = "Laba3TIO", "Laba3TIO\Laba3TIO.csproj", "{8A1C7835-1905-455E-A2B2-AD7CE1396207}"
EndProject
Global
	GlobalSection(SolutionConfigurationPlatforms) = preSolution
		Debug|Any CPU = Debug|Any CPU
		Release|Any CPU = Release|Any CPU
	EndGlobalSection
	GlobalSection(ProjectConfigurationPlatforms) = postSolution
		{8A1C7835-1905-455E-A2B2-AD7CE1396207}.Debug|Any CPU.ActiveCfg = Debug|Any CPU
		{8A1C7835-1905-455E-A2B2-AD7CE1396207}.Debug|Any CPU.Build.0 = Debug|Any CPU
		{8A1C7835-1905-455E-A2B2-AD7CE1396207}.Release|Any CPU.ActiveCfg = Release|Any CPU
		{8A1C7835-1905-455E-A2B2-AD7CE1396207}.Release|Any CPU.Build.0 = Release|Any CPU
	EndGlobalSection
	GlobalSection(SolutionProperties) = preSolution
		HideSolutionNode = FALSE
	EndGlobalSection
	GlobalSection(ExtensibilityGlobals) = postSolution
		SolutionGuid = {5DDFFF0B-617F-4274-B3CE-7F8A2802F4A4}
	EndGlobalSection
EndGlobal
