
Microsoft Visual Studio Solution File, Format Version 12.00
# Visual Studio Version 17
VisualStudioVersion = 17.7.34202.233
MinimumVisualStudioVersion = 10.0.40219.1
Project("{FAE04EC0-301F-11D3-BF4B-00C04F79EFBC}") = "Refac1", "Refac1\Refac1.csproj", "{89D0D163-57C2-4DB7-A8FA-C810E15D4C06}"
EndProject
Project("{FAE04EC0-301F-11D3-BF4B-00C04F79EFBC}") = "TestProject1", "TestProject1\TestProject1.csproj", "{B3FE681C-3534-4748-82DB-FE4B4BBCFCD0}"
EndProject
Global
	GlobalSection(SolutionConfigurationPlatforms) = preSolution
		Debug|Any CPU = Debug|Any CPU
		Release|Any CPU = Release|Any CPU
	EndGlobalSection
	GlobalSection(ProjectConfigurationPlatforms) = postSolution
		{89D0D163-57C2-4DB7-A8FA-C810E15D4C06}.Debug|Any CPU.ActiveCfg = Debug|Any CPU
		{89D0D163-57C2-4DB7-A8FA-C810E15D4C06}.Debug|Any CPU.Build.0 = Debug|Any CPU
		{89D0D163-57C2-4DB7-A8FA-C810E15D4C06}.Release|Any CPU.ActiveCfg = Release|Any CPU
		{89D0D163-57C2-4DB7-A8FA-C810E15D4C06}.Release|Any CPU.Build.0 = Release|Any CPU
		{B3FE681C-3534-4748-82DB-FE4B4BBCFCD0}.Debug|Any CPU.ActiveCfg = Debug|Any CPU
		{B3FE681C-3534-4748-82DB-FE4B4BBCFCD0}.Debug|Any CPU.Build.0 = Debug|Any CPU
		{B3FE681C-3534-4748-82DB-FE4B4BBCFCD0}.Release|Any CPU.ActiveCfg = Release|Any CPU
		{B3FE681C-3534-4748-82DB-FE4B4BBCFCD0}.Release|Any CPU.Build.0 = Release|Any CPU
	EndGlobalSection
	GlobalSection(SolutionProperties) = preSolution
		HideSolutionNode = FALSE
	EndGlobalSection
	GlobalSection(ExtensibilityGlobals) = postSolution
		SolutionGuid = {343E74B8-063C-42D1-8651-555DA427742A}
	EndGlobalSection
EndGlobal
