
Microsoft Visual Studio Solution File, Format Version 12.00
# Visual Studio Version 17
VisualStudioVersion = 17.7.34202.233
MinimumVisualStudioVersion = 10.0.40219.1
Project("{FAE04EC0-301F-11D3-BF4B-00C04F79EFBC}") = "Test2", "Test2\Test2.csproj", "{EF895300-E277-4801-8232-CBC8206DF86D}"
EndProject
Global
	GlobalSection(SolutionConfigurationPlatforms) = preSolution
		Debug|Any CPU = Debug|Any CPU
		Release|Any CPU = Release|Any CPU
	EndGlobalSection
	GlobalSection(ProjectConfigurationPlatforms) = postSolution
		{EF895300-E277-4801-8232-CBC8206DF86D}.Debug|Any CPU.ActiveCfg = Debug|Any CPU
		{EF895300-E277-4801-8232-CBC8206DF86D}.Debug|Any CPU.Build.0 = Debug|Any CPU
		{EF895300-E277-4801-8232-CBC8206DF86D}.Release|Any CPU.ActiveCfg = Release|Any CPU
		{EF895300-E277-4801-8232-CBC8206DF86D}.Release|Any CPU.Build.0 = Release|Any CPU
	EndGlobalSection
	GlobalSection(SolutionProperties) = preSolution
		HideSolutionNode = FALSE
	EndGlobalSection
	GlobalSection(ExtensibilityGlobals) = postSolution
		SolutionGuid = {64830B0D-9A21-4D2F-B301-8632B473A3C0}
	EndGlobalSection
EndGlobal
